// !$*UTF8*$!
{
	archiveVersion = 1;
	classes = {
	};
	objectVersion = 77;
	objects = {

/* Begin PBXBuildFile section */
		3012E5EDA9AAD99BC920ECC1 /* Pods_MagicScanTests.framework in Frameworks */ = {isa = PBXBuildFile; fileRef = D4B7F4F7CDE7DEEF312E296B /* Pods_MagicScanTests.framework */; };
		9289AFE1DA0D7FB409B6EC37 /* Pods_MagicScan.framework in Frameworks */ = {isa = PBXBuildFile; fileRef = F52CA4FF4BB6A75C565DEE7F /* Pods_MagicScan.framework */; };
		9A5E6DEAA794CC03C46C9C0C /* Pods_MagicScan_MagicScanUITests.framework in Frameworks */ = {isa = PBXBuildFile; fileRef = 9FDC76BA23F9FB6DFF6EE21D /* Pods_MagicScan_MagicScanUITests.framework */; };
/* End PBXBuildFile section */

/* Begin PBXContainerItemProxy section */
		EB968F8F2DE9F59A00775D07 /* PBXContainerItemProxy */ = {
			isa = PBXContainerItemProxy;
			containerPortal = EB968F742DE9F59800775D07 /* Project object */;
			proxyType = 1;
			remoteGlobalIDString = EB968F7B2DE9F59800775D07;
			remoteInfo = MagicScan;
		};
		EB968F992DE9F59A00775D07 /* PBXContainerItemProxy */ = {
			isa = PBXContainerItemProxy;
			containerPortal = EB968F742DE9F59800775D07 /* Project object */;
			proxyType = 1;
			remoteGlobalIDString = EB968F7B2DE9F59800775D07;
			remoteInfo = MagicScan;
		};
/* End PBXContainerItemProxy section */

/* Begin PBXFileReference section */
		1C5D940D3D31C598407C5FB7 /* Pods-MagicScan.debug.xcconfig */ = {isa = PBXFileReference; includeInIndex = 1; lastKnownFileType = text.xcconfig; name = "Pods-MagicScan.debug.xcconfig"; path = "Target Support Files/Pods-MagicScan/Pods-MagicScan.debug.xcconfig"; sourceTree = "<group>"; };
		6F25B89062468172DC924700 /* Pods-MagicScanTests.debug.xcconfig */ = {isa = PBXFileReference; includeInIndex = 1; lastKnownFileType = text.xcconfig; name = "Pods-MagicScanTests.debug.xcconfig"; path = "Target Support Files/Pods-MagicScanTests/Pods-MagicScanTests.debug.xcconfig"; sourceTree = "<group>"; };
		7612D6ED76321C3EB86F62C0 /* Pods-MagicScan-MagicScanUITests.release.xcconfig */ = {isa = PBXFileReference; includeInIndex = 1; lastKnownFileType = text.xcconfig; name = "Pods-MagicScan-MagicScanUITests.release.xcconfig"; path = "Target Support Files/Pods-MagicScan-MagicScanUITests/Pods-MagicScan-MagicScanUITests.release.xcconfig"; sourceTree = "<group>"; };
		95A6175891CA39637D013771 /* Pods-MagicScan.release.xcconfig */ = {isa = PBXFileReference; includeInIndex = 1; lastKnownFileType = text.xcconfig; name = "Pods-MagicScan.release.xcconfig"; path = "Target Support Files/Pods-MagicScan/Pods-MagicScan.release.xcconfig"; sourceTree = "<group>"; };
		95C6B4835669D3812B4C56A3 /* Pods-MagicScan-MagicScanUITests.debug.xcconfig */ = {isa = PBXFileReference; includeInIndex = 1; lastKnownFileType = text.xcconfig; name = "Pods-MagicScan-MagicScanUITests.debug.xcconfig"; path = "Target Support Files/Pods-MagicScan-MagicScanUITests/Pods-MagicScan-MagicScanUITests.debug.xcconfig"; sourceTree = "<group>"; };
		9FDC76BA23F9FB6DFF6EE21D /* Pods_MagicScan_MagicScanUITests.framework */ = {isa = PBXFileReference; explicitFileType = wrapper.framework; includeInIndex = 0; path = Pods_MagicScan_MagicScanUITests.framework; sourceTree = BUILT_PRODUCTS_DIR; };
		D4B7F4F7CDE7DEEF312E296B /* Pods_MagicScanTests.framework */ = {isa = PBXFileReference; explicitFileType = wrapper.framework; includeInIndex = 0; path = Pods_MagicScanTests.framework; sourceTree = BUILT_PRODUCTS_DIR; };
		D8A18492A8383E18A497C732 /* Pods-MagicScanTests.release.xcconfig */ = {isa = PBXFileReference; includeInIndex = 1; lastKnownFileType = text.xcconfig; name = "Pods-MagicScanTests.release.xcconfig"; path = "Target Support Files/Pods-MagicScanTests/Pods-MagicScanTests.release.xcconfig"; sourceTree = "<group>"; };
		EB968F7C2DE9F59800775D07 /* MagicScan.app */ = {isa = PBXFileReference; explicitFileType = wrapper.application; includeInIndex = 0; path = MagicScan.app; sourceTree = BUILT_PRODUCTS_DIR; };
		EB968F8E2DE9F59A00775D07 /* MagicScanTests.xctest */ = {isa = PBXFileReference; explicitFileType = wrapper.cfbundle; includeInIndex = 0; path = MagicScanTests.xctest; sourceTree = BUILT_PRODUCTS_DIR; };
		EB968F982DE9F59A00775D07 /* MagicScanUITests.xctest */ = {isa = PBXFileReference; explicitFileType = wrapper.cfbundle; includeInIndex = 0; path = MagicScanUITests.xctest; sourceTree = BUILT_PRODUCTS_DIR; };
		F52CA4FF4BB6A75C565DEE7F /* Pods_MagicScan.framework */ = {isa = PBXFileReference; explicitFileType = wrapper.framework; includeInIndex = 0; path = Pods_MagicScan.framework; sourceTree = BUILT_PRODUCTS_DIR; };
/* End PBXFileReference section */

/* Begin PBXFileSystemSynchronizedRootGroup section */
		EB968F7E2DE9F59800775D07 /* MagicScan */ = {
			isa = PBXFileSystemSynchronizedRootGroup;
			path = MagicScan;
			sourceTree = "<group>";
		};
		EB968F912DE9F59A00775D07 /* MagicScanTests */ = {
			isa = PBXFileSystemSynchronizedRootGroup;
			path = MagicScanTests;
			sourceTree = "<group>";
		};
		EB968F9B2DE9F59A00775D07 /* MagicScanUITests */ = {
			isa = PBXFileSystemSynchronizedRootGroup;
			path = MagicScanUITests;
			sourceTree = "<group>";
		};
/* End PBXFileSystemSynchronizedRootGroup section */

/* Begin PBXFrameworksBuildPhase section */
		EB968F792DE9F59800775D07 /* Frameworks */ = {
			isa = PBXFrameworksBuildPhase;
			buildActionMask = 2147483647;
			files = (
				9289AFE1DA0D7FB409B6EC37 /* Pods_MagicScan.framework in Frameworks */,
			);
			runOnlyForDeploymentPostprocessing = 0;
		};
		EB968F8B2DE9F59A00775D07 /* Frameworks */ = {
			isa = PBXFrameworksBuildPhase;
			buildActionMask = 2147483647;
			files = (
				3012E5EDA9AAD99BC920ECC1 /* Pods_MagicScanTests.framework in Frameworks */,
			);
			runOnlyForDeploymentPostprocessing = 0;
		};
		EB968F952DE9F59A00775D07 /* Frameworks */ = {
			isa = PBXFrameworksBuildPhase;
			buildActionMask = 2147483647;
			files = (
				9A5E6DEAA794CC03C46C9C0C /* Pods_MagicScan_MagicScanUITests.framework in Frameworks */,
			);
			runOnlyForDeploymentPostprocessing = 0;
		};
/* End PBXFrameworksBuildPhase section */

/* Begin PBXGroup section */
		43ADD818FA0784D33821C703 /* Frameworks */ = {
			isa = PBXGroup;
			children = (
				F52CA4FF4BB6A75C565DEE7F /* Pods_MagicScan.framework */,
				9FDC76BA23F9FB6DFF6EE21D /* Pods_MagicScan_MagicScanUITests.framework */,
				D4B7F4F7CDE7DEEF312E296B /* Pods_MagicScanTests.framework */,
			);
			name = Frameworks;
			sourceTree = "<group>";
		};
		B445DFC0CFA79CF7128DA45F /* Pods */ = {
			isa = PBXGroup;
			children = (
				1C5D940D3D31C598407C5FB7 /* Pods-MagicScan.debug.xcconfig */,
				95A6175891CA39637D013771 /* Pods-MagicScan.release.xcconfig */,
				95C6B4835669D3812B4C56A3 /* Pods-MagicScan-MagicScanUITests.debug.xcconfig */,
				7612D6ED76321C3EB86F62C0 /* Pods-MagicScan-MagicScanUITests.release.xcconfig */,
				6F25B89062468172DC924700 /* Pods-MagicScanTests.debug.xcconfig */,
				D8A18492A8383E18A497C732 /* Pods-MagicScanTests.release.xcconfig */,
			);
			path = Pods;
			sourceTree = "<group>";
		};
		EB968F732DE9F59800775D07 = {
			isa = PBXGroup;
			children = (
				EB968F7E2DE9F59800775D07 /* MagicScan */,
				EB968F912DE9F59A00775D07 /* MagicScanTests */,
				EB968F9B2DE9F59A00775D07 /* MagicScanUITests */,
				EB968F7D2DE9F59800775D07 /* Products */,
				B445DFC0CFA79CF7128DA45F /* Pods */,
				43ADD818FA0784D33821C703 /* Frameworks */,
			);
			sourceTree = "<group>";
		};
		EB968F7D2DE9F59800775D07 /* Products */ = {
			isa = PBXGroup;
			children = (
				EB968F7C2DE9F59800775D07 /* MagicScan.app */,
				EB968F8E2DE9F59A00775D07 /* MagicScanTests.xctest */,
				EB968F982DE9F59A00775D07 /* MagicScanUITests.xctest */,
			);
			name = Products;
			sourceTree = "<group>";
		};
/* End PBXGroup section */

/* Begin PBXNativeTarget section */
		EB968F7B2DE9F59800775D07 /* MagicScan */ = {
			isa = PBXNativeTarget;
			buildConfigurationList = EB968FA22DE9F59A00775D07 /* Build configuration list for PBXNativeTarget "MagicScan" */;
			buildPhases = (
				1AB73FE797C011F9BEDEDDAA /* [CP] Check Pods Manifest.lock */,
				EB968F782DE9F59800775D07 /* Sources */,
				EB968F792DE9F59800775D07 /* Frameworks */,
				EB968F7A2DE9F59800775D07 /* Resources */,
			);
			buildRules = (
			);
			dependencies = (
			);
			fileSystemSynchronizedGroups = (
				EB968F7E2DE9F59800775D07 /* MagicScan */,
			);
			name = MagicScan;
			productName = MagicScan;
			productReference = EB968F7C2DE9F59800775D07 /* MagicScan.app */;
			productType = "com.apple.product-type.application";
		};
		EB968F8D2DE9F59A00775D07 /* MagicScanTests */ = {
			isa = PBXNativeTarget;
			buildConfigurationList = EB968FA52DE9F59A00775D07 /* Build configuration list for PBXNativeTarget "MagicScanTests" */;
			buildPhases = (
				1FEFF037AC6E1D8198E59CA4 /* [CP] Check Pods Manifest.lock */,
				EB968F8A2DE9F59A00775D07 /* Sources */,
				EB968F8B2DE9F59A00775D07 /* Frameworks */,
				EB968F8C2DE9F59A00775D07 /* Resources */,
			);
			buildRules = (
			);
			dependencies = (
				EB968F902DE9F59A00775D07 /* PBXTargetDependency */,
			);
			fileSystemSynchronizedGroups = (
				EB968F912DE9F59A00775D07 /* MagicScanTests */,
			);
			name = MagicScanTests;
			productName = MagicScanTests;
			productReference = EB968F8E2DE9F59A00775D07 /* MagicScanTests.xctest */;
			productType = "com.apple.product-type.bundle.unit-test";
		};
		EB968F972DE9F59A00775D07 /* MagicScanUITests */ = {
			isa = PBXNativeTarget;
			buildConfigurationList = EB968FA82DE9F59A00775D07 /* Build configuration list for PBXNativeTarget "MagicScanUITests" */;
			buildPhases = (
				FB3EC5380FC9724D39C58083 /* [CP] Check Pods Manifest.lock */,
				EB968F942DE9F59A00775D07 /* Sources */,
				EB968F952DE9F59A00775D07 /* Frameworks */,
				EB968F962DE9F59A00775D07 /* Resources */,
			);
			buildRules = (
			);
			dependencies = (
				EB968F9A2DE9F59A00775D07 /* PBXTargetDependency */,
			);
			fileSystemSynchronizedGroups = (
				EB968F9B2DE9F59A00775D07 /* MagicScanUITests */,
			);
			name = MagicScanUITests;
			productName = MagicScanUITests;
			productReference = EB968F982DE9F59A00775D07 /* MagicScanUITests.xctest */;
			productType = "com.apple.product-type.bundle.ui-testing";
		};
/* End PBXNativeTarget section */

/* Begin PBXProject section */
		EB968F742DE9F59800775D07 /* Project object */ = {
			isa = PBXProject;
			attributes = {
				BuildIndependentTargetsInParallel = 1;
				LastSwiftUpdateCheck = 1630;
				LastUpgradeCheck = 1630;
				TargetAttributes = {
					EB968F7B2DE9F59800775D07 = {
						CreatedOnToolsVersion = 16.3;
					};
					EB968F8D2DE9F59A00775D07 = {
						CreatedOnToolsVersion = 16.3;
						TestTargetID = EB968F7B2DE9F59800775D07;
					};
					EB968F972DE9F59A00775D07 = {
						CreatedOnToolsVersion = 16.3;
						TestTargetID = EB968F7B2DE9F59800775D07;
					};
				};
			};
			buildConfigurationList = EB968F772DE9F59800775D07 /* Build configuration list for PBXProject "MagicScan" */;
			developmentRegion = en;
			hasScannedForEncodings = 0;
			knownRegions = (
				en,
				Base,
			);
			mainGroup = EB968F732DE9F59800775D07;
			minimizedProjectReferenceProxies = 1;
			preferredProjectObjectVersion = 77;
			productRefGroup = EB968F7D2DE9F59800775D07 /* Products */;
			projectDirPath = "";
			projectRoot = "";
			targets = (
				EB968F7B2DE9F59800775D07 /* MagicScan */,
				EB968F8D2DE9F59A00775D07 /* MagicScanTests */,
				EB968F972DE9F59A00775D07 /* MagicScanUITests */,
			);
		};
/* End PBXProject section */

/* Begin PBXResourcesBuildPhase section */
		EB968F7A2DE9F59800775D07 /* Resources */ = {
			isa = PBXResourcesBuildPhase;
			buildActionMask = 2147483647;
			files = (
			);
			runOnlyForDeploymentPostprocessing = 0;
		};
		EB968F8C2DE9F59A00775D07 /* Resources */ = {
			isa = PBXResourcesBuildPhase;
			buildActionMask = 2147483647;
			files = (
			);
			runOnlyForDeploymentPostprocessing = 0;
		};
		EB968F962DE9F59A00775D07 /* Resources */ = {
			isa = PBXResourcesBuildPhase;
			buildActionMask = 2147483647;
			files = (
			);
			runOnlyForDeploymentPostprocessing = 0;
		};
/* End PBXResourcesBuildPhase section */

/* Begin PBXShellScriptBuildPhase section */
		1AB73FE797C011F9BEDEDDAA /* [CP] Check Pods Manifest.lock */ = {
			isa = PBXShellScriptBuildPhase;
			buildActionMask = 2147483647;
			files = (
			);
			inputFileListPaths = (
			);
			inputPaths = (
				"${PODS_PODFILE_DIR_PATH}/Podfile.lock",
				"${PODS_ROOT}/Manifest.lock",
			);
			name = "[CP] Check Pods Manifest.lock";
			outputFileListPaths = (
			);
			outputPaths = (
				"$(DERIVED_FILE_DIR)/Pods-MagicScan-checkManifestLockResult.txt",
			);
			runOnlyForDeploymentPostprocessing = 0;
			shellPath = /bin/sh;
			shellScript = "diff \"${PODS_PODFILE_DIR_PATH}/Podfile.lock\" \"${PODS_ROOT}/Manifest.lock\" > /dev/null\nif [ $? != 0 ] ; then\n    # print error to STDERR\n    echo \"error: The sandbox is not in sync with the Podfile.lock. Run 'pod install' or update your CocoaPods installation.\" >&2\n    exit 1\nfi\n# This output is used by Xcode 'outputs' to avoid re-running this script phase.\necho \"SUCCESS\" > \"${SCRIPT_OUTPUT_FILE_0}\"\n";
			showEnvVarsInLog = 0;
		};
		1FEFF037AC6E1D8198E59CA4 /* [CP] Check Pods Manifest.lock */ = {
			isa = PBXShellScriptBuildPhase;
			buildActionMask = 2147483647;
			files = (
			);
			inputFileListPaths = (
			);
			inputPaths = (
				"${PODS_PODFILE_DIR_PATH}/Podfile.lock",
				"${PODS_ROOT}/Manifest.lock",
			);
			name = "[CP] Check Pods Manifest.lock";
			outputFileListPaths = (
			);
			outputPaths = (
				"$(DERIVED_FILE_DIR)/Pods-MagicScanTests-checkManifestLockResult.txt",
			);
			runOnlyForDeploymentPostprocessing = 0;
			shellPath = /bin/sh;
			shellScript = "diff \"${PODS_PODFILE_DIR_PATH}/Podfile.lock\" \"${PODS_ROOT}/Manifest.lock\" > /dev/null\nif [ $? != 0 ] ; then\n    # print error to STDERR\n    echo \"error: The sandbox is not in sync with the Podfile.lock. Run 'pod install' or update your CocoaPods installation.\" >&2\n    exit 1\nfi\n# This output is used by Xcode 'outputs' to avoid re-running this script phase.\necho \"SUCCESS\" > \"${SCRIPT_OUTPUT_FILE_0}\"\n";
			showEnvVarsInLog = 0;
		};
		FB3EC5380FC9724D39C58083 /* [CP] Check Pods Manifest.lock */ = {
			isa = PBXShellScriptBuildPhase;
			buildActionMask = 2147483647;
			files = (
			);
			inputFileListPaths = (
			);
			inputPaths = (
				"${PODS_PODFILE_DIR_PATH}/Podfile.lock",
				"${PODS_ROOT}/Manifest.lock",
			);
			name = "[CP] Check Pods Manifest.lock";
			outputFileListPaths = (
			);
			outputPaths = (
				"$(DERIVED_FILE_DIR)/Pods-MagicScan-MagicScanUITests-checkManifestLockResult.txt",
			);
			runOnlyForDeploymentPostprocessing = 0;
			shellPath = /bin/sh;
			shellScript = "diff \"${PODS_PODFILE_DIR_PATH}/Podfile.lock\" \"${PODS_ROOT}/Manifest.lock\" > /dev/null\nif [ $? != 0 ] ; then\n    # print error to STDERR\n    echo \"error: The sandbox is not in sync with the Podfile.lock. Run 'pod install' or update your CocoaPods installation.\" >&2\n    exit 1\nfi\n# This output is used by Xcode 'outputs' to avoid re-running this script phase.\necho \"SUCCESS\" > \"${SCRIPT_OUTPUT_FILE_0}\"\n";
			showEnvVarsInLog = 0;
		};
/* End PBXShellScriptBuildPhase section */

/* Begin PBXSourcesBuildPhase section */
		EB968F782DE9F59800775D07 /* Sources */ = {
			isa = PBXSourcesBuildPhase;
			buildActionMask = 2147483647;
			files = (
			);
			runOnlyForDeploymentPostprocessing = 0;
		};
		EB968F8A2DE9F59A00775D07 /* Sources */ = {
			isa = PBXSourcesBuildPhase;
			buildActionMask = 2147483647;
			files = (
			);
			runOnlyForDeploymentPostprocessing = 0;
		};
		EB968F942DE9F59A00775D07 /* Sources */ = {
			isa = PBXSourcesBuildPhase;
			buildActionMask = 2147483647;
			files = (
			);
			runOnlyForDeploymentPostprocessing = 0;
		};
/* End PBXSourcesBuildPhase section */

/* Begin PBXTargetDependency section */
		EB968F902DE9F59A00775D07 /* PBXTargetDependency */ = {
			isa = PBXTargetDependency;
			target = EB968F7B2DE9F59800775D07 /* MagicScan */;
			targetProxy = EB968F8F2DE9F59A00775D07 /* PBXContainerItemProxy */;
		};
		EB968F9A2DE9F59A00775D07 /* PBXTargetDependency */ = {
			isa = PBXTargetDependency;
			target = EB968F7B2DE9F59800775D07 /* MagicScan */;
			targetProxy = EB968F992DE9F59A00775D07 /* PBXContainerItemProxy */;
		};
/* End PBXTargetDependency section */

/* Begin XCBuildConfiguration section */
		EB968FA02DE9F59A00775D07 /* Debug */ = {
			isa = XCBuildConfiguration;
			buildSettings = {
				ALWAYS_SEARCH_USER_PATHS = NO;
				ASSETCATALOG_COMPILER_GENERATE_SWIFT_ASSET_SYMBOL_EXTENSIONS = YES;
				CLANG_ANALYZER_NONNULL = YES;
				CLANG_ANALYZER_NUMBER_OBJECT_CONVERSION = YES_AGGRESSIVE;
				CLANG_CXX_LANGUAGE_STANDARD = "gnu++20";
				CLANG_ENABLE_MODULES = YES;
				CLANG_ENABLE_OBJC_ARC = YES;
				CLANG_ENABLE_OBJC_WEAK = YES;
				CLANG_WARN_BLOCK_CAPTURE_AUTORELEASING = YES;
				CLANG_WARN_BOOL_CONVERSION = YES;
				CLANG_WARN_COMMA = YES;
				CLANG_WARN_CONSTANT_CONVERSION = YES;
				CLANG_WARN_DEPRECATED_OBJC_IMPLEMENTATIONS = YES;
				CLANG_WARN_DIRECT_OBJC_ISA_USAGE = YES_ERROR;
				CLANG_WARN_DOCUMENTATION_COMMENTS = YES;
				CLANG_WARN_EMPTY_BODY = YES;
				CLANG_WARN_ENUM_CONVERSION = YES;
				CLANG_WARN_INFINITE_RECURSION = YES;
				CLANG_WARN_INT_CONVERSION = YES;
				CLANG_WARN_NON_LITERAL_NULL_CONVERSION = YES;
				CLANG_WARN_OBJC_IMPLICIT_RETAIN_SELF = YES;
				CLANG_WARN_OBJC_LITERAL_CONVERSION = YES;
				CLANG_WARN_OBJC_ROOT_CLASS = YES_ERROR;
				CLANG_WARN_QUOTED_INCLUDE_IN_FRAMEWORK_HEADER = YES;
				CLANG_WARN_RANGE_LOOP_ANALYSIS = YES;
				CLANG_WARN_STRICT_PROTOTYPES = YES;
				CLANG_WARN_SUSPICIOUS_MOVE = YES;
				CLANG_WARN_UNGUARDED_AVAILABILITY = YES_AGGRESSIVE;
				CLANG_WARN_UNREACHABLE_CODE = YES;
				CLANG_WARN__DUPLICATE_METHOD_MATCH = YES;
				COPY_PHASE_STRIP = NO;
				DEBUG_INFORMATION_FORMAT = dwarf;
				ENABLE_STRICT_OBJC_MSGSEND = YES;
				ENABLE_TESTABILITY = YES;
				ENABLE_USER_SCRIPT_SANDBOXING = YES;
				GCC_C_LANGUAGE_STANDARD = gnu17;
				GCC_DYNAMIC_NO_PIC = NO;
				GCC_NO_COMMON_BLOCKS = YES;
				GCC_OPTIMIZATION_LEVEL = 0;
				GCC_PREPROCESSOR_DEFINITIONS = (
					"DEBUG=1",
					"$(inherited)",
				);
				GCC_WARN_64_TO_32_BIT_CONVERSION = YES;
				GCC_WARN_ABOUT_RETURN_TYPE = YES_ERROR;
				GCC_WARN_UNDECLARED_SELECTOR = YES;
				GCC_WARN_UNINITIALIZED_AUTOS = YES_AGGRESSIVE;
				GCC_WARN_UNUSED_FUNCTION = YES;
				GCC_WARN_UNUSED_VARIABLE = YES;
				IPHONEOS_DEPLOYMENT_TARGET = 18.4;
				LOCALIZATION_PREFERS_STRING_CATALOGS = YES;
				MTL_ENABLE_DEBUG_INFO = INCLUDE_SOURCE;
				MTL_FAST_MATH = YES;
				ONLY_ACTIVE_ARCH = YES;
				SDKROOT = iphoneos;
				SWIFT_ACTIVE_COMPILATION_CONDITIONS = "DEBUG $(inherited)";
				SWIFT_OPTIMIZATION_LEVEL = "-Onone";
			};
			name = Debug;
		};
		EB968FA12DE9F59A00775D07 /* Release */ = {
			isa = XCBuildConfiguration;
			buildSettings = {
				ALWAYS_SEARCH_USER_PATHS = NO;
				ASSETCATALOG_COMPILER_GENERATE_SWIFT_ASSET_SYMBOL_EXTENSIONS = YES;
				CLANG_ANALYZER_NONNULL = YES;
				CLANG_ANALYZER_NUMBER_OBJECT_CONVERSION = YES_AGGRESSIVE;
				CLANG_CXX_LANGUAGE_STANDARD = "gnu++20";
				CLANG_ENABLE_MODULES = YES;
				CLANG_ENABLE_OBJC_ARC = YES;
				CLANG_ENABLE_OBJC_WEAK = YES;
				CLANG_WARN_BLOCK_CAPTURE_AUTORELEASING = YES;
				CLANG_WARN_BOOL_CONVERSION = YES;
				CLANG_WARN_COMMA = YES;
				CLANG_WARN_CONSTANT_CONVERSION = YES;
				CLANG_WARN_DEPRECATED_OBJC_IMPLEMENTATIONS = YES;
				CLANG_WARN_DIRECT_OBJC_ISA_USAGE = YES_ERROR;
				CLANG_WARN_DOCUMENTATION_COMMENTS = YES;
				CLANG_WARN_EMPTY_BODY = YES;
				CLANG_WARN_ENUM_CONVERSION = YES;
				CLANG_WARN_INFINITE_RECURSION = YES;
				CLANG_WARN_INT_CONVERSION = YES;
				CLANG_WARN_NON_LITERAL_NULL_CONVERSION = YES;
				CLANG_WARN_OBJC_IMPLICIT_RETAIN_SELF = YES;
				CLANG_WARN_OBJC_LITERAL_CONVERSION = YES;
				CLANG_WARN_OBJC_ROOT_CLASS = YES_ERROR;
				CLANG_WARN_QUOTED_INCLUDE_IN_FRAMEWORK_HEADER = YES;
				CLANG_WARN_RANGE_LOOP_ANALYSIS = YES;
				CLANG_WARN_STRICT_PROTOTYPES = YES;
				CLANG_WARN_SUSPICIOUS_MOVE = YES;
				CLANG_WARN_UNGUARDED_AVAILABILITY = YES_AGGRESSIVE;
				CLANG_WARN_UNREACHABLE_CODE = YES;
				CLANG_WARN__DUPLICATE_METHOD_MATCH = YES;
				COPY_PHASE_STRIP = NO;
				DEBUG_INFORMATION_FORMAT = "dwarf-with-dsym";
				ENABLE_NS_ASSERTIONS = NO;
				ENABLE_STRICT_OBJC_MSGSEND = YES;
				ENABLE_USER_SCRIPT_SANDBOXING = YES;
				GCC_C_LANGUAGE_STANDARD = gnu17;
				GCC_NO_COMMON_BLOCKS = YES;
				GCC_WARN_64_TO_32_BIT_CONVERSION = YES;
				GCC_WARN_ABOUT_RETURN_TYPE = YES_ERROR;
				GCC_WARN_UNDECLARED_SELECTOR = YES;
				GCC_WARN_UNINITIALIZED_AUTOS = YES_AGGRESSIVE;
				GCC_WARN_UNUSED_FUNCTION = YES;
				GCC_WARN_UNUSED_VARIABLE = YES;
				IPHONEOS_DEPLOYMENT_TARGET = 18.4;
				LOCALIZATION_PREFERS_STRING_CATALOGS = YES;
				MTL_ENABLE_DEBUG_INFO = NO;
				MTL_FAST_MATH = YES;
				SDKROOT = iphoneos;
				SWIFT_COMPILATION_MODE = wholemodule;
				VALIDATE_PRODUCT = YES;
			};
			name = Release;
		};
		EB968FA32DE9F59A00775D07 /* Debug */ = {
			isa = XCBuildConfiguration;
			baseConfigurationReference = 1C5D940D3D31C598407C5FB7 /* Pods-MagicScan.debug.xcconfig */;
			buildSettings = {
				ASSETCATALOG_COMPILER_APPICON_NAME = AppIcon;
				ASSETCATALOG_COMPILER_GLOBAL_ACCENT_COLOR_NAME = AccentColor;
				CODE_SIGN_STYLE = Automatic;
				CURRENT_PROJECT_VERSION = 1;
				DEVELOPMENT_TEAM = 7NZQAU7QJW;
				ENABLE_PREVIEWS = YES;
				ENABLE_USER_SCRIPT_SANDBOXING = NO;
				GENERATE_INFOPLIST_FILE = YES;
				INFOPLIST_KEY_NSCameraUsageDescription = "Nous avons besoin d'accéder à la caméra pour prendre des photos.";
				INFOPLIST_KEY_UIApplicationSceneManifest_Generation = YES;
				INFOPLIST_KEY_UIApplicationSupportsIndirectInputEvents = YES;
				INFOPLIST_KEY_UILaunchScreen_Generation = YES;
				INFOPLIST_KEY_UISupportedInterfaceOrientations_iPad = "UIInterfaceOrientationPortrait UIInterfaceOrientationPortraitUpsideDown UIInterfaceOrientationLandscapeLeft UIInterfaceOrientationLandscapeRight";
				INFOPLIST_KEY_UISupportedInterfaceOrientations_iPhone = "UIInterfaceOrientationPortrait UIInterfaceOrientationLandscapeLeft UIInterfaceOrientationLandscapeRight";
				LD_RUNPATH_SEARCH_PATHS = (
					"$(inherited)",
					"@executable_path/Frameworks",
				);
				MARKETING_VERSION = 1.0;
				PRODUCT_BUNDLE_IDENTIFIER = morissard.clement.MagicScan;
				PRODUCT_NAME = "$(TARGET_NAME)";
				SWIFT_EMIT_LOC_STRINGS = YES;
				SWIFT_STRICT_CONCURRENCY = complete;
				SWIFT_VERSION = 5.0;
				TARGETED_DEVICE_FAMILY = "1,2";
			};
			name = Debug;
		};
		EB968FA42DE9F59A00775D07 /* Release */ = {
			isa = XCBuildConfiguration;
			baseConfigurationReference = 95A6175891CA39637D013771 /* Pods-MagicScan.release.xcconfig */;
			buildSettings = {
				ASSETCATALOG_COMPILER_APPICON_NAME = AppIcon;
				ASSETCATALOG_COMPILER_GLOBAL_ACCENT_COLOR_NAME = AccentColor;
				CODE_SIGN_STYLE = Automatic;
				CURRENT_PROJECT_VERSION = 1;
				DEVELOPMENT_TEAM = 7NZQAU7QJW;
				ENABLE_PREVIEWS = YES;
				ENABLE_USER_SCRIPT_SANDBOXING = NO;
				GENERATE_INFOPLIST_FILE = YES;
				INFOPLIST_KEY_NSCameraUsageDescription = "Nous avons besoin d'accéder à la caméra pour prendre des photos.";
				INFOPLIST_KEY_UIApplicationSceneManifest_Generation = YES;
				INFOPLIST_KEY_UIApplicationSupportsIndirectInputEvents = YES;
				INFOPLIST_KEY_UILaunchScreen_Generation = YES;
				INFOPLIST_KEY_UISupportedInterfaceOrientations_iPad = "UIInterfaceOrientationPortrait UIInterfaceOrientationPortraitUpsideDown UIInterfaceOrientationLandscapeLeft UIInterfaceOrientationLandscapeRight";
				INFOPLIST_KEY_UISupportedInterfaceOrientations_iPhone = "UIInterfaceOrientationPortrait UIInterfaceOrientationLandscapeLeft UIInterfaceOrientationLandscapeRight";
				LD_RUNPATH_SEARCH_PATHS = (
					"$(inherited)",
					"@executable_path/Frameworks",
				);
				MARKETING_VERSION = 1.0;
				PRODUCT_BUNDLE_IDENTIFIER = morissard.clement.MagicScan;
				PRODUCT_NAME = "$(TARGET_NAME)";
				SWIFT_EMIT_LOC_STRINGS = YES;
				SWIFT_STRICT_CONCURRENCY = complete;
				SWIFT_VERSION = 5.0;
				TARGETED_DEVICE_FAMILY = "1,2";
			};
			name = Release;
		};
		EB968FA62DE9F59A00775D07 /* Debug */ = {
			isa = XCBuildConfiguration;
			baseConfigurationReference = 6F25B89062468172DC924700 /* Pods-MagicScanTests.debug.xcconfig */;
			buildSettings = {
				BUNDLE_LOADER = "$(TEST_HOST)";
				CODE_SIGN_STYLE = Automatic;
				CURRENT_PROJECT_VERSION = 1;
				GENERATE_INFOPLIST_FILE = YES;
				IPHONEOS_DEPLOYMENT_TARGET = 18.4;
				MARKETING_VERSION = 1.0;
				PRODUCT_BUNDLE_IDENTIFIER = Moonshot.morissard.clement.MagicScanTests;
				PRODUCT_NAME = "$(TARGET_NAME)";
				SWIFT_EMIT_LOC_STRINGS = NO;
				SWIFT_VERSION = 5.0;
				TARGETED_DEVICE_FAMILY = "1,2";
				TEST_HOST = "$(BUILT_PRODUCTS_DIR)/MagicScan.app/$(BUNDLE_EXECUTABLE_FOLDER_PATH)/MagicScan";
			};
			name = Debug;
		};
		EB968FA72DE9F59A00775D07 /* Release */ = {
			isa = XCBuildConfiguration;
			baseConfigurationReference = D8A18492A8383E18A497C732 /* Pods-MagicScanTests.release.xcconfig */;
			buildSettings = {
				BUNDLE_LOADER = "$(TEST_HOST)";
				CODE_SIGN_STYLE = Automatic;
				CURRENT_PROJECT_VERSION = 1;
				GENERATE_INFOPLIST_FILE = YES;
				IPHONEOS_DEPLOYMENT_TARGET = 18.4;
				MARKETING_VERSION = 1.0;
				PRODUCT_BUNDLE_IDENTIFIER = Moonshot.morissard.clement.MagicScanTests;
				PRODUCT_NAME = "$(TARGET_NAME)";
				SWIFT_EMIT_LOC_STRINGS = NO;
				SWIFT_VERSION = 5.0;
				TARGETED_DEVICE_FAMILY = "1,2";
				TEST_HOST = "$(BUILT_PRODUCTS_DIR)/MagicScan.app/$(BUNDLE_EXECUTABLE_FOLDER_PATH)/MagicScan";
			};
			name = Release;
		};
		EB968FA92DE9F59A00775D07 /* Debug */ = {
			isa = XCBuildConfiguration;
			baseConfigurationReference = 95C6B4835669D3812B4C56A3 /* Pods-MagicScan-MagicScanUITests.debug.xcconfig */;
			buildSettings = {
				CODE_SIGN_STYLE = Automatic;
				CURRENT_PROJECT_VERSION = 1;
				GENERATE_INFOPLIST_FILE = YES;
				MARKETING_VERSION = 1.0;
				PRODUCT_BUNDLE_IDENTIFIER = Moonshot.morissard.clement.MagicScanUITests;
				PRODUCT_NAME = "$(TARGET_NAME)";
				SWIFT_EMIT_LOC_STRINGS = NO;
				SWIFT_VERSION = 5.0;
				TARGETED_DEVICE_FAMILY = "1,2";
				TEST_TARGET_NAME = MagicScan;
			};
			name = Debug;
		};
		EB968FAA2DE9F59A00775D07 /* Release */ = {
			isa = XCBuildConfiguration;
			baseConfigurationReference = 7612D6ED76321C3EB86F62C0 /* Pods-MagicScan-MagicScanUITests.release.xcconfig */;
			buildSettings = {
				CODE_SIGN_STYLE = Automatic;
				CURRENT_PROJECT_VERSION = 1;
				GENERATE_INFOPLIST_FILE = YES;
				MARKETING_VERSION = 1.0;
				PRODUCT_BUNDLE_IDENTIFIER = Moonshot.morissard.clement.MagicScanUITests;
				PRODUCT_NAME = "$(TARGET_NAME)";
				SWIFT_EMIT_LOC_STRINGS = NO;
				SWIFT_VERSION = 5.0;
				TARGETED_DEVICE_FAMILY = "1,2";
				TEST_TARGET_NAME = MagicScan;
			};
			name = Release;
		};
/* End XCBuildConfiguration section */

/* Begin XCConfigurationList section */
		EB968F772DE9F59800775D07 /* Build configuration list for PBXProject "MagicScan" */ = {
			isa = XCConfigurationList;
			buildConfigurations = (
				EB968FA02DE9F59A00775D07 /* Debug */,
				EB968FA12DE9F59A00775D07 /* Release */,
			);
			defaultConfigurationIsVisible = 0;
			defaultConfigurationName = Release;
		};
		EB968FA22DE9F59A00775D07 /* Build configuration list for PBXNativeTarget "MagicScan" */ = {
			isa = XCConfigurationList;
			buildConfigurations = (
				EB968FA32DE9F59A00775D07 /* Debug */,
				EB968FA42DE9F59A00775D07 /* Release */,
			);
			defaultConfigurationIsVisible = 0;
			defaultConfigurationName = Release;
		};
		EB968FA52DE9F59A00775D07 /* Build configuration list for PBXNativeTarget "MagicScanTests" */ = {
			isa = XCConfigurationList;
			buildConfigurations = (
				EB968FA62DE9F59A00775D07 /* Debug */,
				EB968FA72DE9F59A00775D07 /* Release */,
			);
			defaultConfigurationIsVisible = 0;
			defaultConfigurationName = Release;
		};
		EB968FA82DE9F59A00775D07 /* Build configuration list for PBXNativeTarget "MagicScanUITests" */ = {
			isa = XCConfigurationList;
			buildConfigurations = (
				EB968FA92DE9F59A00775D07 /* Debug */,
				EB968FAA2DE9F59A00775D07 /* Release */,
			);
			defaultConfigurationIsVisible = 0;
			defaultConfigurationName = Release;
		};
/* End XCConfigurationList section */
	};
	rootObject = EB968F742DE9F59800775D07 /* Project object */;
}
